
Microsoft Visual Studio Solution File, Format Version 12.00
# Visual Studio Version 17
VisualStudioVersion = 17.14.36518.9 d17.14
MinimumVisualStudioVersion = 10.0.40219.1
Project("{FAE04EC0-301F-11D3-BF4B-00C04F79EFBC}") = "Automation_OOP", "Automation_OOP\Automation_OOP.csproj", "{3B88017B-5876-4F55-B9DF-F525D78A5156}"
EndProject
Global
	GlobalSection(SolutionConfigurationPlatforms) = preSolution
		Debug|Any CPU = Debug|Any CPU
		Release|Any CPU = Release|Any CPU
	EndGlobalSection
	GlobalSection(ProjectConfigurationPlatforms) = postSolution
		{3B88017B-5876-4F55-B9DF-F525D78A5156}.Debug|Any CPU.ActiveCfg = Debug|Any CPU
		{3B88017B-5876-4F55-B9DF-F525D78A5156}.Debug|Any CPU.Build.0 = Debug|Any CPU
		{3B88017B-5876-4F55-B9DF-F525D78A5156}.Release|Any CPU.ActiveCfg = Release|Any CPU
		{3B88017B-5876-4F55-B9DF-F525D78A5156}.Release|Any CPU.Build.0 = Release|Any CPU
	EndGlobalSection
	GlobalSection(SolutionProperties) = preSolution
		HideSolutionNode = FALSE
	EndGlobalSection
	GlobalSection(ExtensibilityGlobals) = postSolution
		SolutionGuid = {FBAA1DCD-6548-4D60-ABE4-38AFB0474970}
	EndGlobalSection
EndGlobal
